{
  "name": "governed-agent-hosted-copilot-runtime",
  "version": "0.1.0",
  "lockfileVersion": 3,
  "requires": true,
  "packages": {
    "": {
      "name": "governed-agent-hosted-copilot-runtime",
      "version": "0.1.0",
      "dependencies": {
        "@github/copilot-linux-x64": "1.0.78"
      }
    },
    "node_modules/@github/copilot-linux-x64": {
      "version": "1.0.78",
      "resolved": "https://ms-feed-17.pkgs.visualstudio.com/1es-public/_packaging/npm-public/npm/registry/@github/copilot-linux-x64/-/copilot-linux-x64-1.0.78.tgz",
      "integrity": "sha1-vONd01Wd4bg+wgSrB5niY/cZadw=",
      "cpu": [
        "x64"
      ],
      "license": "SEE LICENSE IN LICENSE.md",
      "os": [
        "linux"
      ],
      "bin": {
        "copilot-linux-x64": "copilot"
      }
    }
  }
}
